
Microsoft Visual Studio Solution File, Format Version 12.00
# Visual Studio Version 17
VisualStudioVersion = 17.8.34322.80
MinimumVisualStudioVersion = 10.0.40219.1
Project("{FAE04EC0-301F-11D3-BF4B-00C04F79EFBC}") = "BlackjackGame", "BlackjackGame\BlackjackGame.csproj", "{C7299E2E-F63D-4911-AAFE-7CA0A4D5042B}"
EndProject
Global
	GlobalSection(SolutionConfigurationPlatforms) = preSolution
		Debug|Any CPU = Debug|Any CPU
		Release|Any CPU = Release|Any CPU
	EndGlobalSection
	GlobalSection(ProjectConfigurationPlatforms) = postSolution
		{C7299E2E-F63D-4911-AAFE-7CA0A4D5042B}.Debug|Any CPU.ActiveCfg = Debug|Any CPU
		{C7299E2E-F63D-4911-AAFE-7CA0A4D5042B}.Debug|Any CPU.Build.0 = Debug|Any CPU
		{C7299E2E-F63D-4911-AAFE-7CA0A4D5042B}.Release|Any CPU.ActiveCfg = Release|Any CPU
		{C7299E2E-F63D-4911-AAFE-7CA0A4D5042B}.Release|Any CPU.Build.0 = Release|Any CPU
	EndGlobalSection
	GlobalSection(SolutionProperties) = preSolution
		HideSolutionNode = FALSE
	EndGlobalSection
	GlobalSection(ExtensibilityGlobals) = postSolution
		SolutionGuid = {F277A24D-B617-4260-8EF5-B6CC1C86BE0C}
	EndGlobalSection
EndGlobal
